
Microsoft Visual Studio Solution File, Format Version 12.00
# Visual Studio Version 17
VisualStudioVersion = 17.0.31919.166
MinimumVisualStudioVersion = 10.0.40219.1
Project("{FAE04EC0-301F-11D3-BF4B-00C04F79EFBC}") = "NewRepoProject", "NewRepoProject\NewRepoProject.csproj", "{82C2AE54-38C3-4ED5-80E6-1ED7AA4146D0}"
EndProject
Global
	GlobalSection(SolutionConfigurationPlatforms) = preSolution
		Debug|Any CPU = Debug|Any CPU
		Release|Any CPU = Release|Any CPU
	EndGlobalSection
	GlobalSection(ProjectConfigurationPlatforms) = postSolution
		{82C2AE54-38C3-4ED5-80E6-1ED7AA4146D0}.Debug|Any CPU.ActiveCfg = Debug|Any CPU
		{82C2AE54-38C3-4ED5-80E6-1ED7AA4146D0}.Debug|Any CPU.Build.0 = Debug|Any CPU
		{82C2AE54-38C3-4ED5-80E6-1ED7AA4146D0}.Release|Any CPU.ActiveCfg = Release|Any CPU
		{82C2AE54-38C3-4ED5-80E6-1ED7AA4146D0}.Release|Any CPU.Build.0 = Release|Any CPU
	EndGlobalSection
	GlobalSection(SolutionProperties) = preSolution
		HideSolutionNode = FALSE
	EndGlobalSection
	GlobalSection(ExtensibilityGlobals) = postSolution
		SolutionGuid = {70EB81AB-4133-47E5-8EC8-D68DE1B5507B}
	EndGlobalSection
EndGlobal
